{
  "name": "nocode.ai",
  "version": "1.0.0",
  "lockfileVersion": 1,
  "requires": true,
  "dependencies": {
    "@types/node": {
      "version": "10.12.2",
      "resolved": "https://registry.npmjs.org/@types/node/-/node-10.12.2.tgz",
      "integrity": "sha512-53ElVDSnZeFUUFIYzI8WLQ25IhWzb6vbddNp8UHlXQyU0ET2RhV5zg0NfubzU7iNMh5bBXb0htCzfvrSVNgzaQ==",
      "dev": true
    },
    "@types/semver": {
      "version": "5.5.0",
      "resolved": "https://registry.npmjs.org/@types/semver/-/semver-5.5.0.tgz",
      "integrity": "sha512-41qEJgBH/TWgo5NFSvBCJ1qkoi3Q6ONSF2avrHq1LVEZfYpdHmj0y9SuTK+u9ZhG1sYQKBL1AWXKyLWP4RaUoQ==",
      "dev": true
    },
    "abbrev": {
      "version": "1.1.1",
      "resolved": "https://registry.npmjs.org/abbrev/-/abbrev-1.1.1.tgz",
      "integrity": "sha512-nne9/IiQ/hzIhY6pdDnbBtz7DjPTKrY00P/zvPSm5pOFkl6xuGrGnXn/VtTNNfNtAfZ9/1RtehkszU9qcTii0Q==",
      "dev": true
    },
    "accepts": {
      "version": "1.3.5",
      "resolved": "https://registry.npmjs.org/accepts/-/accepts-1.3.5.tgz",
      "integrity": "sha1-63d99gEXI6OxTopywIBcjoZ0a9I=",
      "dev": true,
      "requires": {
        "mime-types": "~2.1.18",
        "negotiator": "0.6.1"
      }
    },
    "acorn": {
      "version": "5.7.3",
      "resolved": "https://registry.npmjs.org/acorn/-/acorn-5.7.3.tgz",
      "integrity": "sha512-T/zvzYRfbVojPWahDsE5evJdHb3oJoQfFbsrKM7w5Zcs++Tr257tia3BmMP8XYVjp1S9RZXQMh7gao96BlqZOw==",
      "dev": true
    },
    "acorn-dynamic-import": {
      "version": "2.0.2",
      "resolved": "https://registry.npmjs.org/acorn-dynamic-import/-/acorn-dynamic-import-2.0.2.tgz",
      "integrity": "sha1-x1K9IQvvZ5UBtsbLf8hPj0cVjMQ=",
      "dev": true,
      "requires": {
        "acorn": "^4.0.3"
      },
      "dependencies": {
        "acorn": {
          "version": "4.0.13",
          "resolved": "https://registry.npmjs.org/acorn/-/acorn-4.0.13.tgz",
          "integrity": "sha1-EFSVrlNh1pe9GVyCUZLhrX8lN4c=",
          "dev": true
        }
      }
    },
    "ajv": {
      "version": "6.5.4",
      "resolved": "https://registry.npmjs.org/ajv/-/ajv-6.5.4.tgz",
      "integrity": "sha512-4Wyjt8+t6YszqaXnLDfMmG/8AlO5Zbcsy3ATHncCzjW/NoPzAId8AK6749Ybjmdt+kUY1gP60fCu46oDxPv/mg==",
      "dev": true,
      "requires": {
        "fast-deep-equal": "^2.0.1",
        "fast-json-stable-stringify": "^2.0.0",
        "json-schema-traverse": "^0.4.1",
        "uri-js": "^4.2.2"
      }
    },
    "ajv-keywords": {
      "version": "3.2.0",
      "resolved": "https://registry.npmjs.org/ajv-keywords/-/ajv-keywords-3.2.0.tgz",
      "integrity": "sha1-6GuBnGAs+IIa1jdBNpjx3sAhhHo=",
      "dev": true
    },
    "align-text": {
      "version": "0.1.4",
      "resolved": "https://registry.npmjs.org/align-text/-/align-text-0.1.4.tgz",
      "integrity": "sha1-DNkKVhCT810KmSVsIrcGlDP60Rc=",
      "dev": true,
      "requires": {
        "kind-of": "^3.0.2",
        "longest": "^1.0.1",
        "repeat-string": "^1.5.2"
      }
    },
    "alphanum-sort": {
      "version": "1.0.2",
      "resolved": "https://registry.npmjs.org/alphanum-sort/-/alphanum-sort-1.0.2.tgz",
      "integrity": "sha1-l6ERlkmyEa0zaR2fn0hqjsn74KM=",
      "dev": true
    },
    "ansi-escapes": {
      "version": "1.4.0",
      "resolved": "https://registry.npmjs.org/ansi-escapes/-/ansi-escapes-1.4.0.tgz",
      "integrity": "sha1-06ioOzGapneTZisT52HHkRQiMG4="
    },
    "ansi-html": {
      "version": "0.0.7",
      "resolved": "https://registry.npmjs.org/ansi-html/-/ansi-html-0.0.7.tgz",
      "integrity": "sha1-gTWEAhliqenm/QOflA0S9WynhZ4=",
      "dev": true
    },
    "ansi-regex": {
      "version": "2.1.1",
      "resolved": "https://registry.npmjs.org/ansi-regex/-/ansi-regex-2.1.1.tgz",
      "integrity": "sha1-w7M6te42DYbg5ijwRorn7yfWVN8="
    },
    "ansi-styles": {
      "version": "2.2.1",
      "resolved": "https://registry.npmjs.org/ansi-styles/-/ansi-styles-2.2.1.tgz",
      "integrity": "sha1-tDLdM1i2NM914eRmQ2gkBTPB3b4="
    },
    "anymatch": {
      "version": "2.0.0",
      "resolved": "https://registry.npmjs.org/anymatch/-/anymatch-2.0.0.tgz",
      "integrity": "sha512-5teOsQWABXHHBFP9y3skS5P3d/WfWXpv3FUpy+LorMrNYaT9pI4oLMQX7jzQ2KklNpGpWHzdCXTDT2Y3XGlZBw==",
      "dev": true,
      "requires": {
        "micromatch": "^3.1.4",
        "normalize-path": "^2.1.1"
      }
    },
    "argparse": {
      "version": "1.0.10",
      "resolved": "https://registry.npmjs.org/argparse/-/argparse-1.0.10.tgz",
      "integrity": "sha512-o5Roy6tNG4SL/FOkCAN6RzjiakZS25RLYFrcMttJqbdd8BWrnA+fGz57iN5Pb06pvBGvl5gQ0B48dJlslXvoTg==",
      "dev": true,
      "requires": {
        "sprintf-js": "~1.0.2"
      }
    },
    "arr-diff": {
      "version": "4.0.0",
      "resolved": "https://registry.npmjs.org/arr-diff/-/arr-diff-4.0.0.tgz",
      "integrity": "sha1-1kYQdP6/7HHn4VI1dhoyml3HxSA=",
      "dev": true
    },
    "arr-flatten": {
      "version": "1.1.0",
      "resolved": "https://registry.npmjs.org/arr-flatten/-/arr-flatten-1.1.0.tgz",
      "integrity": "sha512-L3hKV5R/p5o81R7O02IGnwpDmkp6E982XhtbuwSe3O4qOtMMMtodicASA1Cny2U+aCXcNpml+m4dPsvsJ3jatg==",
      "dev": true
    },
    "arr-union": {
      "version": "3.1.0",
      "resolved": "https://registry.npmjs.org/arr-union/-/arr-union-3.1.0.tgz",
      "integrity": "sha1-45sJrqne+Gao8gbiiK9jkZuuOcQ=",
      "dev": true
    },
    "array-find-index": {
      "version": "1.0.2",
      "resolved": "https://registry.npmjs.org/array-find-index/-/array-find-index-1.0.2.tgz",
      "integrity": "sha1-3wEKoSh+Fku9pvlyOwqWoexBh6E=",
      "dev": true
    },
    "array-flatten": {
      "version": "2.1.1",
      "resolved": "https://registry.npmjs.org/array-flatten/-/array-flatten-2.1.1.tgz",
      "integrity": "sha1-Qmu52oQJDBg42BLIFQryCoMx4pY=",
      "dev": true
    },
    "array-includes": {
      "version": "3.0.3",
      "resolved": "https://registry.npmjs.org/array-includes/-/array-includes-3.0.3.tgz",
      "integrity": "sha1-GEtI9i2S10UrsxsyMWXH+L0CJm0=",
      "dev": true,
      "requires": {
        "define-properties": "^1.1.2",
        "es-abstract": "^1.7.0"
      }
    },
    "array-union": {
      "version": "1.0.2",
      "resolved": "https://registry.npmjs.org/array-union/-/array-union-1.0.2.tgz",
      "integrity": "sha1-mjRBDk9OPaI96jdb5b5w8kd47Dk=",
      "dev": true,
      "requires": {
        "array-uniq": "^1.0.1"
      }
    },
    "array-uniq": {
      "version": "1.0.3",
      "resolved": "https://registry.npmjs.org/array-uniq/-/array-uniq-1.0.3.tgz",
      "integrity": "sha1-r2rId6Jcx/dOBYiUdThY39sk/bY=",
      "dev": true
    },
    "array-unique": {
      "version": "0.3.2",
      "resolved": "https://registry.npmjs.org/array-unique/-/array-unique-0.3.2.tgz",
      "integrity": "sha1-qJS3XUvE9s1nnvMkSp/Y9Gri1Cg=",
      "dev": true
    },
    "asn1.js": {
      "version": "4.10.1",
      "resolved": "https://registry.npmjs.org/asn1.js/-/asn1.js-4.10.1.tgz",
      "integrity": "sha512-p32cOF5q0Zqs9uBiONKYLm6BClCoBCM5O9JfeUSlnQLBTxYdTK+pW+nXflm8UkKd2UYlEbYz5qEi0JuZR9ckSw==",
      "dev": true,
      "requires": {
        "bn.js": "^4.0.0",
        "inherits": "^2.0.1",
        "minimalistic-assert": "^1.0.0"
      }
    },
    "assert": {
      "version": "1.4.1",
      "resolved": "https://registry.npmjs.org/assert/-/assert-1